
Microsoft Visual Studio Solution File, Format Version 12.00
Project("{FAE04EC0-301F-11D3-BF4B-00C04F79EFBC}") = "TokenBot", "TokenBot\TokenBot.csproj", "{C7C83385-CC15-4887-BD44-ADDEB0C24441}"
EndProject
Project("{2150E333-8FDC-42A3-9474-1A3956D46DE8}") = "Solution Items", "Solution Items", "{294DF9E6-B9A6-4470-92C2-8D8FCAD13B2A}"
	ProjectSection(SolutionItems) = preProject
		docker-compose.yml = docker-compose.yml
		.env = .env
	EndProjectSection
EndProject
Global
	GlobalSection(SolutionConfigurationPlatforms) = preSolution
		Debug|Any CPU = Debug|Any CPU
		Release|Any CPU = Release|Any CPU
	EndGlobalSection
	GlobalSection(ProjectConfigurationPlatforms) = postSolution
		{C7C83385-CC15-4887-BD44-ADDEB0C24441}.Debug|Any CPU.ActiveCfg = Debug|Any CPU
		{C7C83385-CC15-4887-BD44-ADDEB0C24441}.Debug|Any CPU.Build.0 = Debug|Any CPU
		{C7C83385-CC15-4887-BD44-ADDEB0C24441}.Release|Any CPU.ActiveCfg = Release|Any CPU
		{C7C83385-CC15-4887-BD44-ADDEB0C24441}.Release|Any CPU.Build.0 = Release|Any CPU
	EndGlobalSection
EndGlobal
